github.com/gethinode/mod-google-analytics v1.0.1 h1:zbmOdnAhhFCA7qWw7fnR46biWhqW2r06sIaTWyhB5R0=
github.com/gethinode/mod-google-analytics v1.0.1/go.mod h1:dl628cFozpCvoIMCiV7ujzQipjxcm3eatXrSfLPWNII=
github.com/gethinode/mod-google-analytics v1.0.2 h1:ljrAYdAPqiQg6rdnL6Je8zLK6mhlXoTGJ/vGtIUpX+w=
github.com/gethinode/mod-google-analytics v1.0.2/go.mod h1:dl628cFozpCvoIMCiV7ujzQipjxcm3eatXrSfLPWNII=
github.com/gethinode/mod-utils/v2 v2.8.0 h1:BdB+onItuO29g5ZLEz/HEwq9c4xBEM4GGqQc3kQ++js=
github.com/gethinode/mod-utils/v2 v2.8.0/go.mod h1:GTYeknoLujNjfDxI+V9Dcug26CYJSTJ0B/U2dagw9oY=
github.com/gethinode/mod-utils/v2 v2.8.1 h1:u7sFbgJ5sBEMYC/GwcMRyjRAd5NxTjBnbld5b0V5n98=
github.com/gethinode/mod-utils/v2 v2.8.1/go.mod h1:GTYeknoLujNjfDxI+V9Dcug26CYJSTJ0B/U2dagw9oY=
